
Microsoft Visual Studio Solution File, Format Version 12.00
# Visual Studio Version 16
VisualStudioVersion = 16.0.30804.86
MinimumVisualStudioVersion = 10.0.40219.1
Project("{FAE04EC0-301F-11D3-BF4B-00C04F79EFBC}") = "CalculatorTests", "CalculatorTests\CalculatorTests.csproj", "{4ACF1065-FAE6-4DF2-A9CF-506B6149DF8A}"
EndProject
Project("{FAE04EC0-301F-11D3-BF4B-00C04F79EFBC}") = "CalculatorDll", "CalculatorDll\CalculatorDll.csproj", "{09A8AFE1-A339-436B-AB71-375DB72EFD02}"
EndProject
Global
	GlobalSection(SolutionConfigurationPlatforms) = preSolution
		Debug|Any CPU = Debug|Any CPU
		Release|Any CPU = Release|Any CPU
	EndGlobalSection
	GlobalSection(ProjectConfigurationPlatforms) = postSolution
		{4ACF1065-FAE6-4DF2-A9CF-506B6149DF8A}.Debug|Any CPU.ActiveCfg = Debug|Any CPU
		{4ACF1065-FAE6-4DF2-A9CF-506B6149DF8A}.Debug|Any CPU.Build.0 = Debug|Any CPU
		{4ACF1065-FAE6-4DF2-A9CF-506B6149DF8A}.Release|Any CPU.ActiveCfg = Release|Any CPU
		{4ACF1065-FAE6-4DF2-A9CF-506B6149DF8A}.Release|Any CPU.Build.0 = Release|Any CPU
		{09A8AFE1-A339-436B-AB71-375DB72EFD02}.Debug|Any CPU.ActiveCfg = Debug|Any CPU
		{09A8AFE1-A339-436B-AB71-375DB72EFD02}.Debug|Any CPU.Build.0 = Debug|Any CPU
		{09A8AFE1-A339-436B-AB71-375DB72EFD02}.Release|Any CPU.ActiveCfg = Release|Any CPU
		{09A8AFE1-A339-436B-AB71-375DB72EFD02}.Release|Any CPU.Build.0 = Release|Any CPU
	EndGlobalSection
	GlobalSection(SolutionProperties) = preSolution
		HideSolutionNode = FALSE
	EndGlobalSection
	GlobalSection(ExtensibilityGlobals) = postSolution
		SolutionGuid = {F9E53018-D160-458C-8DE2-280F1CC6DA7D}
	EndGlobalSection
EndGlobal
